
Microsoft Visual Studio Solution File, Format Version 12.00
# Visual Studio Version 17
VisualStudioVersion = 17.9.34616.47
MinimumVisualStudioVersion = 10.0.40219.1
Project("{FAE04EC0-301F-11D3-BF4B-00C04F79EFBC}") = "mosh", "mosh\mosh.csproj", "{0A2FEBEA-196E-4327-A82D-DBD61070A703}"
EndProject
Global
	GlobalSection(SolutionConfigurationPlatforms) = preSolution
		Debug|Any CPU = Debug|Any CPU
		Release|Any CPU = Release|Any CPU
	EndGlobalSection
	GlobalSection(ProjectConfigurationPlatforms) = postSolution
		{0A2FEBEA-196E-4327-A82D-DBD61070A703}.Debug|Any CPU.ActiveCfg = Debug|Any CPU
		{0A2FEBEA-196E-4327-A82D-DBD61070A703}.Debug|Any CPU.Build.0 = Debug|Any CPU
		{0A2FEBEA-196E-4327-A82D-DBD61070A703}.Release|Any CPU.ActiveCfg = Release|Any CPU
		{0A2FEBEA-196E-4327-A82D-DBD61070A703}.Release|Any CPU.Build.0 = Release|Any CPU
	EndGlobalSection
	GlobalSection(SolutionProperties) = preSolution
		HideSolutionNode = FALSE
	EndGlobalSection
	GlobalSection(ExtensibilityGlobals) = postSolution
		SolutionGuid = {3C8596AA-5E5B-4481-B33D-556A41D3DF76}
	EndGlobalSection
EndGlobal
