
Microsoft Visual Studio Solution File, Format Version 12.00
# Visual Studio Version 17
VisualStudioVersion = 17.9.34616.47
MinimumVisualStudioVersion = 10.0.40219.1
Project("{9A19103F-16F7-4668-BE54-9A1E7A4F7556}") = "MyFirstProgram", "MyFirstProgram\MyFirstProgram.csproj", "{052809E9-DF89-4D1D-8C01-1ADC1A381747}"
EndProject
Project("{FAE04EC0-301F-11D3-BF4B-00C04F79EFBC}") = "algorithm", "Algorithm\algorithm\algorithm.csproj", "{78D98E2D-52E3-4CF8-85A5-4D4B28358DCA}"
EndProject
Global
	GlobalSection(SolutionConfigurationPlatforms) = preSolution
		Debug|Any CPU = Debug|Any CPU
		Release|Any CPU = Release|Any CPU
	EndGlobalSection
	GlobalSection(ProjectConfigurationPlatforms) = postSolution
		{052809E9-DF89-4D1D-8C01-1ADC1A381747}.Debug|Any CPU.ActiveCfg = Debug|Any CPU
		{052809E9-DF89-4D1D-8C01-1ADC1A381747}.Debug|Any CPU.Build.0 = Debug|Any CPU
		{052809E9-DF89-4D1D-8C01-1ADC1A381747}.Release|Any CPU.ActiveCfg = Release|Any CPU
		{052809E9-DF89-4D1D-8C01-1ADC1A381747}.Release|Any CPU.Build.0 = Release|Any CPU
		{78D98E2D-52E3-4CF8-85A5-4D4B28358DCA}.Debug|Any CPU.ActiveCfg = Debug|Any CPU
		{78D98E2D-52E3-4CF8-85A5-4D4B28358DCA}.Debug|Any CPU.Build.0 = Debug|Any CPU
		{78D98E2D-52E3-4CF8-85A5-4D4B28358DCA}.Release|Any CPU.ActiveCfg = Release|Any CPU
		{78D98E2D-52E3-4CF8-85A5-4D4B28358DCA}.Release|Any CPU.Build.0 = Release|Any CPU
	EndGlobalSection
	GlobalSection(SolutionProperties) = preSolution
		HideSolutionNode = FALSE
	EndGlobalSection
	GlobalSection(ExtensibilityGlobals) = postSolution
		SolutionGuid = {930DD5BF-D5DD-4F4A-8D65-A6701D8DD270}
	EndGlobalSection
EndGlobal
