
Microsoft Visual Studio Solution File, Format Version 12.00
# Visual Studio Version 17
VisualStudioVersion = 17.9.34616.47
MinimumVisualStudioVersion = 10.0.40219.1
Project("{FAE04EC0-301F-11D3-BF4B-00C04F79EFBC}") = "week3", "week3\week3.csproj", "{266113C8-8BF9-4315-96FD-B1F39C82A87B}"
EndProject
Global
	GlobalSection(SolutionConfigurationPlatforms) = preSolution
		Debug|Any CPU = Debug|Any CPU
		Release|Any CPU = Release|Any CPU
	EndGlobalSection
	GlobalSection(ProjectConfigurationPlatforms) = postSolution
		{266113C8-8BF9-4315-96FD-B1F39C82A87B}.Debug|Any CPU.ActiveCfg = Debug|Any CPU
		{266113C8-8BF9-4315-96FD-B1F39C82A87B}.Debug|Any CPU.Build.0 = Debug|Any CPU
		{266113C8-8BF9-4315-96FD-B1F39C82A87B}.Release|Any CPU.ActiveCfg = Release|Any CPU
		{266113C8-8BF9-4315-96FD-B1F39C82A87B}.Release|Any CPU.Build.0 = Release|Any CPU
	EndGlobalSection
	GlobalSection(SolutionProperties) = preSolution
		HideSolutionNode = FALSE
	EndGlobalSection
	GlobalSection(ExtensibilityGlobals) = postSolution
		SolutionGuid = {D59EEC7F-E352-4985-A07F-0B733058A508}
	EndGlobalSection
EndGlobal
