
Microsoft Visual Studio Solution File, Format Version 12.00
# Visual Studio Version 17
VisualStudioVersion = 17.9.34616.47
MinimumVisualStudioVersion = 10.0.40219.1
Project("{FAE04EC0-301F-11D3-BF4B-00C04F79EFBC}") = "Week4Assignment", "Week4Assignment\Week4Assignment.csproj", "{30F93FB0-D6A6-4F9D-95E7-8E174A710B8B}"
EndProject
Global
	GlobalSection(SolutionConfigurationPlatforms) = preSolution
		Debug|Any CPU = Debug|Any CPU
		Release|Any CPU = Release|Any CPU
	EndGlobalSection
	GlobalSection(ProjectConfigurationPlatforms) = postSolution
		{30F93FB0-D6A6-4F9D-95E7-8E174A710B8B}.Debug|Any CPU.ActiveCfg = Debug|Any CPU
		{30F93FB0-D6A6-4F9D-95E7-8E174A710B8B}.Debug|Any CPU.Build.0 = Debug|Any CPU
		{30F93FB0-D6A6-4F9D-95E7-8E174A710B8B}.Release|Any CPU.ActiveCfg = Release|Any CPU
		{30F93FB0-D6A6-4F9D-95E7-8E174A710B8B}.Release|Any CPU.Build.0 = Release|Any CPU
	EndGlobalSection
	GlobalSection(SolutionProperties) = preSolution
		HideSolutionNode = FALSE
	EndGlobalSection
	GlobalSection(ExtensibilityGlobals) = postSolution
		SolutionGuid = {2AECCA81-C542-4A71-8920-4FB9C1CB36EA}
	EndGlobalSection
EndGlobal
